
Microsoft Visual Studio Solution File, Format Version 12.00
# Visual Studio Version 17
VisualStudioVersion = 17.3.32825.248
MinimumVisualStudioVersion = 10.0.40219.1
Project("{F184B08F-C81C-45F6-A57F-5ABD9991F28F}") = "PAIN project", "PAIN project\PAIN project.vbproj", "{3EC1AD64-26C2-4DD1-B80B-CC366AE2A19B}"
EndProject
Global
	GlobalSection(SolutionConfigurationPlatforms) = preSolution
		Debug|Any CPU = Debug|Any CPU
		Release|Any CPU = Release|Any CPU
	EndGlobalSection
	GlobalSection(ProjectConfigurationPlatforms) = postSolution
		{3EC1AD64-26C2-4DD1-B80B-CC366AE2A19B}.Debug|Any CPU.ActiveCfg = Debug|Any CPU
		{3EC1AD64-26C2-4DD1-B80B-CC366AE2A19B}.Debug|Any CPU.Build.0 = Debug|Any CPU
		{3EC1AD64-26C2-4DD1-B80B-CC366AE2A19B}.Release|Any CPU.ActiveCfg = Release|Any CPU
		{3EC1AD64-26C2-4DD1-B80B-CC366AE2A19B}.Release|Any CPU.Build.0 = Release|Any CPU
	EndGlobalSection
	GlobalSection(SolutionProperties) = preSolution
		HideSolutionNode = FALSE
	EndGlobalSection
	GlobalSection(ExtensibilityGlobals) = postSolution
		SolutionGuid = {645100F8-204D-4C68-BAF9-D502CFA068F9}
	EndGlobalSection
EndGlobal
